{
  "name": "9drive",
  "lockfileVersion": 3,
  "requires": true,
  "packages": {
    "": {
      "dependencies": {
        "hls-parser": "^0.16.1"
      }
    },
    "node_modules/hls-parser": {
      "version": "0.16.1",
      "resolved": "https://registry.npmjs.org/hls-parser/-/hls-parser-0.16.1.tgz",
      "integrity": "sha512-6B2XobrddgXNl1pXw0dKXq0ovczjzra/pam7ifV0G/RXpt4bEbQcE6ndY+kGGlrNxB3zE42s7xmIypwG+sxh9A==",
      "license": "MIT"
    }
  }
}
